{
  "name": "1",
  "version": "1.0.0",
  "lockfileVersion": 1,
  "requires": true,
  "dependencies": {
    "fast-memoize": {
      "version": "2.5.1",
      "resolved": "https://registry.npmjs.org/fast-memoize/-/fast-memoize-2.5.1.tgz",
      "integrity": "sha512-xdmw296PCL01tMOXx9mdJSmWY29jQgxyuZdq0rEHMu+Tpe1eOEtCycoG6chzlcrWsNgpZP7oL8RiQr7+G6Bl6g=="
    },
    "qheap": {
      "version": "1.4.0",
      "resolved": "https://registry.npmjs.org/qheap/-/qheap-1.4.0.tgz",
      "integrity": "sha1-LSY+20wfckSnpZH5t3ZFvLzZ3S4="
    }
  }
}
