
Microsoft Visual Studio Solution File, Format Version 12.00
# Visual Studio 15
VisualStudioVersion = 15.0.27130.2027
MinimumVisualStudioVersion = 10.0.40219.1
Project("{FAE04EC0-301F-11D3-BF4B-00C04F79EFBC}") = "day01", "day01\day01.csproj", "{4C912E3F-8466-4844-ABDD-87FD72D625AC}"
EndProject
Project("{FAE04EC0-301F-11D3-BF4B-00C04F79EFBC}") = "day02", "day02\day02.csproj", "{24E58188-71FB-4C98-BA9E-EE0FF9104E91}"
EndProject
Project("{FAE04EC0-301F-11D3-BF4B-00C04F79EFBC}") = "day03", "day03\day03.csproj", "{EE0CE166-BAD6-44F0-9408-1F4FDD64201C}"
EndProject
Project("{FAE04EC0-301F-11D3-BF4B-00C04F79EFBC}") = "day04", "day04\day04.csproj", "{DEB0519D-B4B6-443D-BC62-47C74F36EC20}"
EndProject
Project("{FAE04EC0-301F-11D3-BF4B-00C04F79EFBC}") = "day05", "day05\day05.csproj", "{9CDC5DBA-5FBE-44A5-8D88-F72F917B1710}"
EndProject
Project("{FAE04EC0-301F-11D3-BF4B-00C04F79EFBC}") = "dayXX", "dayXX\dayXX.csproj", "{5299BD4B-444D-4259-B19F-C2E6CC6BEF2B}"
EndProject
Project("{FAE04EC0-301F-11D3-BF4B-00C04F79EFBC}") = "day06", "day06\day06.csproj", "{F6C4B7C1-9EE3-43D7-9E97-31B7F3F4C0C5}"
EndProject
Project("{FAE04EC0-301F-11D3-BF4B-00C04F79EFBC}") = "day07", "day07\day07.csproj", "{DDBC5BAC-DE8D-495D-8A2A-F18ABCE4CA9A}"
EndProject
Project("{FAE04EC0-301F-11D3-BF4B-00C04F79EFBC}") = "day08", "day08\day08.csproj", "{CBC1566C-07F8-41BB-BC65-6B364D8E3475}"
EndProject
Project("{FAE04EC0-301F-11D3-BF4B-00C04F79EFBC}") = "day09", "day09\day09.csproj", "{E44D9000-5219-49D5-988C-0F7549D43171}"
EndProject
Project("{FAE04EC0-301F-11D3-BF4B-00C04F79EFBC}") = "day10", "day10\day10.csproj", "{BAEEE242-ED7A-41EC-B878-B94BFB0A6CD7}"
EndProject
Project("{FAE04EC0-301F-11D3-BF4B-00C04F79EFBC}") = "day11", "day11\day11.csproj", "{7DA01085-0A38-4B9A-ACDE-EEF6335A6C19}"
EndProject
Project("{FAE04EC0-301F-11D3-BF4B-00C04F79EFBC}") = "day12", "day12\day12.csproj", "{FD66932D-94EB-4D01-915C-D7490ED1444A}"
EndProject
Project("{FAE04EC0-301F-11D3-BF4B-00C04F79EFBC}") = "day13", "day13\day13.csproj", "{0E13ED8E-8488-4139-AF27-B359515A2831}"
EndProject
Project("{FAE04EC0-301F-11D3-BF4B-00C04F79EFBC}") = "day14", "day14\day14.csproj", "{0932399B-EBB4-452D-AE87-E583901F08BF}"
EndProject
Project("{FAE04EC0-301F-11D3-BF4B-00C04F79EFBC}") = "day15", "day15\day15.csproj", "{73EC0493-BF7F-46A8-87F2-DB07D63FF6FD}"
EndProject
Project("{FAE04EC0-301F-11D3-BF4B-00C04F79EFBC}") = "day16", "day16\day16.csproj", "{D7CB347A-1035-42A7-8ED7-863C6823219E}"
EndProject
Project("{FAE04EC0-301F-11D3-BF4B-00C04F79EFBC}") = "day17", "day17\day17.csproj", "{397917C9-BC83-41DE-9CEE-B67E0F93C120}"
EndProject
Project("{FAE04EC0-301F-11D3-BF4B-00C04F79EFBC}") = "day18", "day18\day18.csproj", "{7B359DB6-94FE-4DC7-A277-D52F76CBB2F6}"
EndProject
Project("{FAE04EC0-301F-11D3-BF4B-00C04F79EFBC}") = "day19", "day19\day19.csproj", "{05005BC1-8A29-488B-A362-79A0577995B9}"
EndProject
Project("{FAE04EC0-301F-11D3-BF4B-00C04F79EFBC}") = "day20", "day20\day20.csproj", "{B77253AB-A6C3-4CD0-A987-03C39CE4DF6D}"
EndProject
Project("{FAE04EC0-301F-11D3-BF4B-00C04F79EFBC}") = "day21", "day21\day21.csproj", "{231B77E4-0FB7-4B0D-8ADB-6FD00EEF61EE}"
EndProject
Project("{FAE04EC0-301F-11D3-BF4B-00C04F79EFBC}") = "day23", "day23\day23.csproj", "{CCCE33C6-F792-4E75-9745-8A3FAFEBE29D}"
EndProject
Project("{FAE04EC0-301F-11D3-BF4B-00C04F79EFBC}") = "day24", "day24\day24.csproj", "{9D0F1A18-A298-4A71-8534-8C621CB9D734}"
EndProject
Project("{FAE04EC0-301F-11D3-BF4B-00C04F79EFBC}") = "day25", "day25\day25.csproj", "{CFE13647-2F61-4059-98F9-DE99A8FAE29C}"
EndProject
Project("{FAE04EC0-301F-11D3-BF4B-00C04F79EFBC}") = "day22", "day22\day22.csproj", "{F3E047D4-2FDA-468A-ACB9-9A8BF3E3BE0A}"
EndProject
Project("{FAE04EC0-301F-11D3-BF4B-00C04F79EFBC}") = "bron_kerbosch", "bron_kerbosch\bron_kerbosch.csproj", "{0EF3EE4E-3320-421F-B5CE-534D93785002}"
EndProject
Global
	GlobalSection(SolutionConfigurationPlatforms) = preSolution
		Debug|Any CPU = Debug|Any CPU
		Release|Any CPU = Release|Any CPU
	EndGlobalSection
	GlobalSection(ProjectConfigurationPlatforms) = postSolution
		{4C912E3F-8466-4844-ABDD-87FD72D625AC}.Debug|Any CPU.ActiveCfg = Debug|Any CPU
		{4C912E3F-8466-4844-ABDD-87FD72D625AC}.Debug|Any CPU.Build.0 = Debug|Any CPU
		{4C912E3F-8466-4844-ABDD-87FD72D625AC}.Release|Any CPU.ActiveCfg = Release|Any CPU
		{4C912E3F-8466-4844-ABDD-87FD72D625AC}.Release|Any CPU.Build.0 = Release|Any CPU
		{24E58188-71FB-4C98-BA9E-EE0FF9104E91}.Debug|Any CPU.ActiveCfg = Debug|Any CPU
		{24E58188-71FB-4C98-BA9E-EE0FF9104E91}.Debug|Any CPU.Build.0 = Debug|Any CPU
		{24E58188-71FB-4C98-BA9E-EE0FF9104E91}.Release|Any CPU.ActiveCfg = Release|Any CPU
		{24E58188-71FB-4C98-BA9E-EE0FF9104E91}.Release|Any CPU.Build.0 = Release|Any CPU
		{EE0CE166-BAD6-44F0-9408-1F4FDD64201C}.Debug|Any CPU.ActiveCfg = Debug|Any CPU
		{EE0CE166-BAD6-44F0-9408-1F4FDD64201C}.Debug|Any CPU.Build.0 = Debug|Any CPU
		{EE0CE166-BAD6-44F0-9408-1F4FDD64201C}.Release|Any CPU.ActiveCfg = Release|Any CPU
		{EE0CE166-BAD6-44F0-9408-1F4FDD64201C}.Release|Any CPU.Build.0 = Release|Any CPU
		{DEB0519D-B4B6-443D-BC62-47C74F36EC20}.Debug|Any CPU.ActiveCfg = Debug|Any CPU
		{DEB0519D-B4B6-443D-BC62-47C74F36EC20}.Debug|Any CPU.Build.0 = Debug|Any CPU
		{DEB0519D-B4B6-443D-BC62-47C74F36EC20}.Release|Any CPU.ActiveCfg = Release|Any CPU
		{DEB0519D-B4B6-443D-BC62-47C74F36EC20}.Release|Any CPU.Build.0 = Release|Any CPU
		{9CDC5DBA-5FBE-44A5-8D88-F72F917B1710}.Debug|Any CPU.ActiveCfg = Debug|Any CPU
		{9CDC5DBA-5FBE-44A5-8D88-F72F917B1710}.Debug|Any CPU.Build.0 = Debug|Any CPU
		{9CDC5DBA-5FBE-44A5-8D88-F72F917B1710}.Release|Any CPU.ActiveCfg = Release|Any CPU
		{9CDC5DBA-5FBE-44A5-8D88-F72F917B1710}.Release|Any CPU.Build.0 = Release|Any CPU
		{5299BD4B-444D-4259-B19F-C2E6CC6BEF2B}.Debug|Any CPU.ActiveCfg = Debug|Any CPU
		{5299BD4B-444D-4259-B19F-C2E6CC6BEF2B}.Debug|Any CPU.Build.0 = Debug|Any CPU
		{5299BD4B-444D-4259-B19F-C2E6CC6BEF2B}.Release|Any CPU.ActiveCfg = Release|Any CPU
		{5299BD4B-444D-4259-B19F-C2E6CC6BEF2B}.Release|Any CPU.Build.0 = Release|Any CPU
		{F6C4B7C1-9EE3-43D7-9E97-31B7F3F4C0C5}.Debug|Any CPU.ActiveCfg = Debug|Any CPU
		{F6C4B7C1-9EE3-43D7-9E97-31B7F3F4C0C5}.Debug|Any CPU.Build.0 = Debug|Any CPU
		{F6C4B7C1-9EE3-43D7-9E97-31B7F3F4C0C5}.Release|Any CPU.ActiveCfg = Release|Any CPU
		{F6C4B7C1-9EE3-43D7-9E97-31B7F3F4C0C5}.Release|Any CPU.Build.0 = Release|Any CPU
		{DDBC5BAC-DE8D-495D-8A2A-F18ABCE4CA9A}.Debug|Any CPU.ActiveCfg = Debug|Any CPU
		{DDBC5BAC-DE8D-495D-8A2A-F18ABCE4CA9A}.Debug|Any CPU.Build.0 = Debug|Any CPU
		{DDBC5BAC-DE8D-495D-8A2A-F18ABCE4CA9A}.Release|Any CPU.ActiveCfg = Release|Any CPU
		{DDBC5BAC-DE8D-495D-8A2A-F18ABCE4CA9A}.Release|Any CPU.Build.0 = Release|Any CPU
		{CBC1566C-07F8-41BB-BC65-6B364D8E3475}.Debug|Any CPU.ActiveCfg = Debug|Any CPU
		{CBC1566C-07F8-41BB-BC65-6B364D8E3475}.Debug|Any CPU.Build.0 = Debug|Any CPU
		{CBC1566C-07F8-41BB-BC65-6B364D8E3475}.Release|Any CPU.ActiveCfg = Release|Any CPU
		{CBC1566C-07F8-41BB-BC65-6B364D8E3475}.Release|Any CPU.Build.0 = Release|Any CPU
		{E44D9000-5219-49D5-988C-0F7549D43171}.Debug|Any CPU.ActiveCfg = Debug|Any CPU
		{E44D9000-5219-49D5-988C-0F7549D43171}.Debug|Any CPU.Build.0 = Debug|Any CPU
		{E44D9000-5219-49D5-988C-0F7549D43171}.Release|Any CPU.ActiveCfg = Release|Any CPU
		{E44D9000-5219-49D5-988C-0F7549D43171}.Release|Any CPU.Build.0 = Release|Any CPU
		{BAEEE242-ED7A-41EC-B878-B94BFB0A6CD7}.Debug|Any CPU.ActiveCfg = Debug|Any CPU
		{BAEEE242-ED7A-41EC-B878-B94BFB0A6CD7}.Debug|Any CPU.Build.0 = Debug|Any CPU
		{BAEEE242-ED7A-41EC-B878-B94BFB0A6CD7}.Release|Any CPU.ActiveCfg = Release|Any CPU
		{BAEEE242-ED7A-41EC-B878-B94BFB0A6CD7}.Release|Any CPU.Build.0 = Release|Any CPU
		{7DA01085-0A38-4B9A-ACDE-EEF6335A6C19}.Debug|Any CPU.ActiveCfg = Debug|Any CPU
		{7DA01085-0A38-4B9A-ACDE-EEF6335A6C19}.Debug|Any CPU.Build.0 = Debug|Any CPU
		{7DA01085-0A38-4B9A-ACDE-EEF6335A6C19}.Release|Any CPU.ActiveCfg = Release|Any CPU
		{7DA01085-0A38-4B9A-ACDE-EEF6335A6C19}.Release|Any CPU.Build.0 = Release|Any CPU
		{FD66932D-94EB-4D01-915C-D7490ED1444A}.Debug|Any CPU.ActiveCfg = Debug|Any CPU
		{FD66932D-94EB-4D01-915C-D7490ED1444A}.Debug|Any CPU.Build.0 = Debug|Any CPU
		{FD66932D-94EB-4D01-915C-D7490ED1444A}.Release|Any CPU.ActiveCfg = Release|Any CPU
		{FD66932D-94EB-4D01-915C-D7490ED1444A}.Release|Any CPU.Build.0 = Release|Any CPU
		{0E13ED8E-8488-4139-AF27-B359515A2831}.Debug|Any CPU.ActiveCfg = Debug|Any CPU
		{0E13ED8E-8488-4139-AF27-B359515A2831}.Debug|Any CPU.Build.0 = Debug|Any CPU
		{0E13ED8E-8488-4139-AF27-B359515A2831}.Release|Any CPU.ActiveCfg = Release|Any CPU
		{0E13ED8E-8488-4139-AF27-B359515A2831}.Release|Any CPU.Build.0 = Release|Any CPU
		{0932399B-EBB4-452D-AE87-E583901F08BF}.Debug|Any CPU.ActiveCfg = Debug|Any CPU
		{0932399B-EBB4-452D-AE87-E583901F08BF}.Debug|Any CPU.Build.0 = Debug|Any CPU
		{0932399B-EBB4-452D-AE87-E583901F08BF}.Release|Any CPU.ActiveCfg = Release|Any CPU
		{0932399B-EBB4-452D-AE87-E583901F08BF}.Release|Any CPU.Build.0 = Release|Any CPU
		{73EC0493-BF7F-46A8-87F2-DB07D63FF6FD}.Debug|Any CPU.ActiveCfg = Debug|Any CPU
		{73EC0493-BF7F-46A8-87F2-DB07D63FF6FD}.Debug|Any CPU.Build.0 = Debug|Any CPU
		{73EC0493-BF7F-46A8-87F2-DB07D63FF6FD}.Release|Any CPU.ActiveCfg = Release|Any CPU
		{73EC0493-BF7F-46A8-87F2-DB07D63FF6FD}.Release|Any CPU.Build.0 = Release|Any CPU
		{D7CB347A-1035-42A7-8ED7-863C6823219E}.Debug|Any CPU.ActiveCfg = Debug|Any CPU
		{D7CB347A-1035-42A7-8ED7-863C6823219E}.Debug|Any CPU.Build.0 = Debug|Any CPU
		{D7CB347A-1035-42A7-8ED7-863C6823219E}.Release|Any CPU.ActiveCfg = Release|Any CPU
		{D7CB347A-1035-42A7-8ED7-863C6823219E}.Release|Any CPU.Build.0 = Release|Any CPU
		{397917C9-BC83-41DE-9CEE-B67E0F93C120}.Debug|Any CPU.ActiveCfg = Debug|Any CPU
		{397917C9-BC83-41DE-9CEE-B67E0F93C120}.Debug|Any CPU.Build.0 = Debug|Any CPU
		{397917C9-BC83-41DE-9CEE-B67E0F93C120}.Release|Any CPU.ActiveCfg = Release|Any CPU
		{397917C9-BC83-41DE-9CEE-B67E0F93C120}.Release|Any CPU.Build.0 = Release|Any CPU
		{7B359DB6-94FE-4DC7-A277-D52F76CBB2F6}.Debug|Any CPU.ActiveCfg = Debug|Any CPU
		{7B359DB6-94FE-4DC7-A277-D52F76CBB2F6}.Debug|Any CPU.Build.0 = Debug|Any CPU
		{7B359DB6-94FE-4DC7-A277-D52F76CBB2F6}.Release|Any CPU.ActiveCfg = Release|Any CPU
		{7B359DB6-94FE-4DC7-A277-D52F76CBB2F6}.Release|Any CPU.Build.0 = Release|Any CPU
		{05005BC1-8A29-488B-A362-79A0577995B9}.Debug|Any CPU.ActiveCfg = Debug|Any CPU
		{05005BC1-8A29-488B-A362-79A0577995B9}.Debug|Any CPU.Build.0 = Debug|Any CPU
		{05005BC1-8A29-488B-A362-79A0577995B9}.Release|Any CPU.ActiveCfg = Release|Any CPU
		{05005BC1-8A29-488B-A362-79A0577995B9}.Release|Any CPU.Build.0 = Release|Any CPU
		{B77253AB-A6C3-4CD0-A987-03C39CE4DF6D}.Debug|Any CPU.ActiveCfg = Debug|Any CPU
		{B77253AB-A6C3-4CD0-A987-03C39CE4DF6D}.Debug|Any CPU.Build.0 = Debug|Any CPU
		{B77253AB-A6C3-4CD0-A987-03C39CE4DF6D}.Release|Any CPU.ActiveCfg = Release|Any CPU
		{B77253AB-A6C3-4CD0-A987-03C39CE4DF6D}.Release|Any CPU.Build.0 = Release|Any CPU
		{231B77E4-0FB7-4B0D-8ADB-6FD00EEF61EE}.Debug|Any CPU.ActiveCfg = Debug|Any CPU
		{231B77E4-0FB7-4B0D-8ADB-6FD00EEF61EE}.Debug|Any CPU.Build.0 = Debug|Any CPU
		{231B77E4-0FB7-4B0D-8ADB-6FD00EEF61EE}.Release|Any CPU.ActiveCfg = Release|Any CPU
		{231B77E4-0FB7-4B0D-8ADB-6FD00EEF61EE}.Release|Any CPU.Build.0 = Release|Any CPU
		{CCCE33C6-F792-4E75-9745-8A3FAFEBE29D}.Debug|Any CPU.ActiveCfg = Debug|Any CPU
		{CCCE33C6-F792-4E75-9745-8A3FAFEBE29D}.Debug|Any CPU.Build.0 = Debug|Any CPU
		{CCCE33C6-F792-4E75-9745-8A3FAFEBE29D}.Release|Any CPU.ActiveCfg = Release|Any CPU
		{CCCE33C6-F792-4E75-9745-8A3FAFEBE29D}.Release|Any CPU.Build.0 = Release|Any CPU
		{9D0F1A18-A298-4A71-8534-8C621CB9D734}.Debug|Any CPU.ActiveCfg = Debug|Any CPU
		{9D0F1A18-A298-4A71-8534-8C621CB9D734}.Debug|Any CPU.Build.0 = Debug|Any CPU
		{9D0F1A18-A298-4A71-8534-8C621CB9D734}.Release|Any CPU.ActiveCfg = Release|Any CPU
		{9D0F1A18-A298-4A71-8534-8C621CB9D734}.Release|Any CPU.Build.0 = Release|Any CPU
		{CFE13647-2F61-4059-98F9-DE99A8FAE29C}.Debug|Any CPU.ActiveCfg = Debug|Any CPU
		{CFE13647-2F61-4059-98F9-DE99A8FAE29C}.Debug|Any CPU.Build.0 = Debug|Any CPU
		{CFE13647-2F61-4059-98F9-DE99A8FAE29C}.Release|Any CPU.ActiveCfg = Release|Any CPU
		{CFE13647-2F61-4059-98F9-DE99A8FAE29C}.Release|Any CPU.Build.0 = Release|Any CPU
		{F3E047D4-2FDA-468A-ACB9-9A8BF3E3BE0A}.Debug|Any CPU.ActiveCfg = Debug|Any CPU
		{F3E047D4-2FDA-468A-ACB9-9A8BF3E3BE0A}.Debug|Any CPU.Build.0 = Debug|Any CPU
		{F3E047D4-2FDA-468A-ACB9-9A8BF3E3BE0A}.Release|Any CPU.ActiveCfg = Release|Any CPU
		{F3E047D4-2FDA-468A-ACB9-9A8BF3E3BE0A}.Release|Any CPU.Build.0 = Release|Any CPU
		{0EF3EE4E-3320-421F-B5CE-534D93785002}.Debug|Any CPU.ActiveCfg = Debug|Any CPU
		{0EF3EE4E-3320-421F-B5CE-534D93785002}.Debug|Any CPU.Build.0 = Debug|Any CPU
		{0EF3EE4E-3320-421F-B5CE-534D93785002}.Release|Any CPU.ActiveCfg = Release|Any CPU
		{0EF3EE4E-3320-421F-B5CE-534D93785002}.Release|Any CPU.Build.0 = Release|Any CPU
	EndGlobalSection
	GlobalSection(SolutionProperties) = preSolution
		HideSolutionNode = FALSE
	EndGlobalSection
	GlobalSection(ExtensibilityGlobals) = postSolution
		SolutionGuid = {0DB3029B-E975-4409-AD81-8F33A75CC524}
	EndGlobalSection
EndGlobal
